
Microsoft Visual Studio Solution File, Format Version 12.00
# Visual Studio Version 17
VisualStudioVersion = 17.0.31903.59
MinimumVisualStudioVersion = 10.0.40219.1
Project("{2150E333-8FDC-42A3-9474-1A3956D46DE8}") = "src", "src", "{841CC822-D22A-49D4-8589-789C19F552B7}"
EndProject
Project("{FAE04EC0-301F-11D3-BF4B-00C04F79EFBC}") = "Helios.Attendance.Core", "src\Helios.Attendance.Core\Helios.Attendance.Core.csproj", "{C7B3F199-0243-42DE-B46C-DBA454BC49B0}"
EndProject
Project("{FAE04EC0-301F-11D3-BF4B-00C04F79EFBC}") = "Helios.Attendance.App", "src\Helios.Attendance.App\Helios.Attendance.App.csproj", "{7312CF09-76CA-43F0-8822-585E83BFB5B4}"
EndProject
Global
	GlobalSection(SolutionConfigurationPlatforms) = preSolution
		Debug|Any CPU = Debug|Any CPU
		Release|Any CPU = Release|Any CPU
	EndGlobalSection
	GlobalSection(SolutionProperties) = preSolution
		HideSolutionNode = FALSE
	EndGlobalSection
	GlobalSection(ProjectConfigurationPlatforms) = postSolution
		{C7B3F199-0243-42DE-B46C-DBA454BC49B0}.Debug|Any CPU.ActiveCfg = Debug|Any CPU
		{C7B3F199-0243-42DE-B46C-DBA454BC49B0}.Debug|Any CPU.Build.0 = Debug|Any CPU
		{C7B3F199-0243-42DE-B46C-DBA454BC49B0}.Release|Any CPU.ActiveCfg = Release|Any CPU
		{C7B3F199-0243-42DE-B46C-DBA454BC49B0}.Release|Any CPU.Build.0 = Release|Any CPU
		{7312CF09-76CA-43F0-8822-585E83BFB5B4}.Debug|Any CPU.ActiveCfg = Debug|Any CPU
		{7312CF09-76CA-43F0-8822-585E83BFB5B4}.Debug|Any CPU.Build.0 = Debug|Any CPU
		{7312CF09-76CA-43F0-8822-585E83BFB5B4}.Release|Any CPU.ActiveCfg = Release|Any CPU
		{7312CF09-76CA-43F0-8822-585E83BFB5B4}.Release|Any CPU.Build.0 = Release|Any CPU
	EndGlobalSection
	GlobalSection(NestedProjects) = preSolution
		{C7B3F199-0243-42DE-B46C-DBA454BC49B0} = {841CC822-D22A-49D4-8589-789C19F552B7}
		{7312CF09-76CA-43F0-8822-585E83BFB5B4} = {841CC822-D22A-49D4-8589-789C19F552B7}
	EndGlobalSection
EndGlobal
